
Microsoft Visual Studio Solution File, Format Version 12.00
# Visual Studio 15
VisualStudioVersion = 15.0.26124.0
MinimumVisualStudioVersion = 15.0.26124.0
Project("{FAE04EC0-301F-11D3-BF4B-00C04F79EFBC}") = "Domain", "Domain\Domain.csproj", "{921479E8-2377-4A37-8B1A-1E6A37AA4740}"
EndProject
Project("{FAE04EC0-301F-11D3-BF4B-00C04F79EFBC}") = "Application", "Application\Application.csproj", "{8D536988-5388-41A6-B4F7-2C40BE28316E}"
EndProject
Project("{FAE04EC0-301F-11D3-BF4B-00C04F79EFBC}") = "Persistence", "Persistence\Persistence.csproj", "{7DA548D0-05A6-4C39-A3F2-1F2BD9C9A1AF}"
EndProject
Project("{FAE04EC0-301F-11D3-BF4B-00C04F79EFBC}") = "API", "API\API.csproj", "{0353BCF0-316F-4EDB-AB15-D53964115FB8}"
EndProject
Global
	GlobalSection(SolutionConfigurationPlatforms) = preSolution
		Debug|Any CPU = Debug|Any CPU
		Debug|x64 = Debug|x64
		Debug|x86 = Debug|x86
		Release|Any CPU = Release|Any CPU
		Release|x64 = Release|x64
		Release|x86 = Release|x86
	EndGlobalSection
	GlobalSection(SolutionProperties) = preSolution
		HideSolutionNode = FALSE
	EndGlobalSection
	GlobalSection(ProjectConfigurationPlatforms) = postSolution
		{921479E8-2377-4A37-8B1A-1E6A37AA4740}.Debug|Any CPU.ActiveCfg = Debug|Any CPU
		{921479E8-2377-4A37-8B1A-1E6A37AA4740}.Debug|Any CPU.Build.0 = Debug|Any CPU
		{921479E8-2377-4A37-8B1A-1E6A37AA4740}.Debug|x64.ActiveCfg = Debug|Any CPU
		{921479E8-2377-4A37-8B1A-1E6A37AA4740}.Debug|x64.Build.0 = Debug|Any CPU
		{921479E8-2377-4A37-8B1A-1E6A37AA4740}.Debug|x86.ActiveCfg = Debug|Any CPU
		{921479E8-2377-4A37-8B1A-1E6A37AA4740}.Debug|x86.Build.0 = Debug|Any CPU
		{921479E8-2377-4A37-8B1A-1E6A37AA4740}.Release|Any CPU.ActiveCfg = Release|Any CPU
		{921479E8-2377-4A37-8B1A-1E6A37AA4740}.Release|Any CPU.Build.0 = Release|Any CPU
		{921479E8-2377-4A37-8B1A-1E6A37AA4740}.Release|x64.ActiveCfg = Release|Any CPU
		{921479E8-2377-4A37-8B1A-1E6A37AA4740}.Release|x64.Build.0 = Release|Any CPU
		{921479E8-2377-4A37-8B1A-1E6A37AA4740}.Release|x86.ActiveCfg = Release|Any CPU
		{921479E8-2377-4A37-8B1A-1E6A37AA4740}.Release|x86.Build.0 = Release|Any CPU
		{8D536988-5388-41A6-B4F7-2C40BE28316E}.Debug|Any CPU.ActiveCfg = Debug|Any CPU
		{8D536988-5388-41A6-B4F7-2C40BE28316E}.Debug|Any CPU.Build.0 = Debug|Any CPU
		{8D536988-5388-41A6-B4F7-2C40BE28316E}.Debug|x64.ActiveCfg = Debug|Any CPU
		{8D536988-5388-41A6-B4F7-2C40BE28316E}.Debug|x64.Build.0 = Debug|Any CPU
		{8D536988-5388-41A6-B4F7-2C40BE28316E}.Debug|x86.ActiveCfg = Debug|Any CPU
		{8D536988-5388-41A6-B4F7-2C40BE28316E}.Debug|x86.Build.0 = Debug|Any CPU
		{8D536988-5388-41A6-B4F7-2C40BE28316E}.Release|Any CPU.ActiveCfg = Release|Any CPU
		{8D536988-5388-41A6-B4F7-2C40BE28316E}.Release|Any CPU.Build.0 = Release|Any CPU
		{8D536988-5388-41A6-B4F7-2C40BE28316E}.Release|x64.ActiveCfg = Release|Any CPU
		{8D536988-5388-41A6-B4F7-2C40BE28316E}.Release|x64.Build.0 = Release|Any CPU
		{8D536988-5388-41A6-B4F7-2C40BE28316E}.Release|x86.ActiveCfg = Release|Any CPU
		{8D536988-5388-41A6-B4F7-2C40BE28316E}.Release|x86.Build.0 = Release|Any CPU
		{7DA548D0-05A6-4C39-A3F2-1F2BD9C9A1AF}.Debug|Any CPU.ActiveCfg = Debug|Any CPU
		{7DA548D0-05A6-4C39-A3F2-1F2BD9C9A1AF}.Debug|Any CPU.Build.0 = Debug|Any CPU
		{7DA548D0-05A6-4C39-A3F2-1F2BD9C9A1AF}.Debug|x64.ActiveCfg = Debug|Any CPU
		{7DA548D0-05A6-4C39-A3F2-1F2BD9C9A1AF}.Debug|x64.Build.0 = Debug|Any CPU
		{7DA548D0-05A6-4C39-A3F2-1F2BD9C9A1AF}.Debug|x86.ActiveCfg = Debug|Any CPU
		{7DA548D0-05A6-4C39-A3F2-1F2BD9C9A1AF}.Debug|x86.Build.0 = Debug|Any CPU
		{7DA548D0-05A6-4C39-A3F2-1F2BD9C9A1AF}.Release|Any CPU.ActiveCfg = Release|Any CPU
		{7DA548D0-05A6-4C39-A3F2-1F2BD9C9A1AF}.Release|Any CPU.Build.0 = Release|Any CPU
		{7DA548D0-05A6-4C39-A3F2-1F2BD9C9A1AF}.Release|x64.ActiveCfg = Release|Any CPU
		{7DA548D0-05A6-4C39-A3F2-1F2BD9C9A1AF}.Release|x64.Build.0 = Release|Any CPU
		{7DA548D0-05A6-4C39-A3F2-1F2BD9C9A1AF}.Release|x86.ActiveCfg = Release|Any CPU
		{7DA548D0-05A6-4C39-A3F2-1F2BD9C9A1AF}.Release|x86.Build.0 = Release|Any CPU
		{0353BCF0-316F-4EDB-AB15-D53964115FB8}.Debug|Any CPU.ActiveCfg = Debug|Any CPU
		{0353BCF0-316F-4EDB-AB15-D53964115FB8}.Debug|Any CPU.Build.0 = Debug|Any CPU
		{0353BCF0-316F-4EDB-AB15-D53964115FB8}.Debug|x64.ActiveCfg = Debug|Any CPU
		{0353BCF0-316F-4EDB-AB15-D53964115FB8}.Debug|x64.Build.0 = Debug|Any CPU
		{0353BCF0-316F-4EDB-AB15-D53964115FB8}.Debug|x86.ActiveCfg = Debug|Any CPU
		{0353BCF0-316F-4EDB-AB15-D53964115FB8}.Debug|x86.Build.0 = Debug|Any CPU
		{0353BCF0-316F-4EDB-AB15-D53964115FB8}.Release|Any CPU.ActiveCfg = Release|Any CPU
		{0353BCF0-316F-4EDB-AB15-D53964115FB8}.Release|Any CPU.Build.0 = Release|Any CPU
		{0353BCF0-316F-4EDB-AB15-D53964115FB8}.Release|x64.ActiveCfg = Release|Any CPU
		{0353BCF0-316F-4EDB-AB15-D53964115FB8}.Release|x64.Build.0 = Release|Any CPU
		{0353BCF0-316F-4EDB-AB15-D53964115FB8}.Release|x86.ActiveCfg = Release|Any CPU
		{0353BCF0-316F-4EDB-AB15-D53964115FB8}.Release|x86.Build.0 = Release|Any CPU
	EndGlobalSection
EndGlobal
